
Microsoft Visual Studio Solution File, Format Version 12.00
# Visual Studio 15
VisualStudioVersion = 15.0.28307.572
MinimumVisualStudioVersion = 10.0.40219.1
Project("{F184B08F-C81C-45F6-A57F-5ABD9991F28F}") = "e14", "e14\e14.vbproj", "{0B7932C3-F142-4C88-B76F-AE7D23178193}"
EndProject
Global
	GlobalSection(SolutionConfigurationPlatforms) = preSolution
		Debug|Any CPU = Debug|Any CPU
		Release|Any CPU = Release|Any CPU
	EndGlobalSection
	GlobalSection(ProjectConfigurationPlatforms) = postSolution
		{0B7932C3-F142-4C88-B76F-AE7D23178193}.Debug|Any CPU.ActiveCfg = Debug|Any CPU
		{0B7932C3-F142-4C88-B76F-AE7D23178193}.Debug|Any CPU.Build.0 = Debug|Any CPU
		{0B7932C3-F142-4C88-B76F-AE7D23178193}.Release|Any CPU.ActiveCfg = Release|Any CPU
		{0B7932C3-F142-4C88-B76F-AE7D23178193}.Release|Any CPU.Build.0 = Release|Any CPU
	EndGlobalSection
	GlobalSection(SolutionProperties) = preSolution
		HideSolutionNode = FALSE
	EndGlobalSection
	GlobalSection(ExtensibilityGlobals) = postSolution
		SolutionGuid = {456D1883-81F3-4299-A791-EF50185D3FE8}
	EndGlobalSection
EndGlobal
