
Microsoft Visual Studio Solution File, Format Version 12.00
# Visual Studio 15
VisualStudioVersion = 15.0.28307.572
MinimumVisualStudioVersion = 10.0.40219.1
Project("{F184B08F-C81C-45F6-A57F-5ABD9991F28F}") = "e58", "e58\e58.vbproj", "{EF1E77CE-D8E2-4824-8D15-5D43F7595979}"
EndProject
Global
	GlobalSection(SolutionConfigurationPlatforms) = preSolution
		Debug|Any CPU = Debug|Any CPU
		Release|Any CPU = Release|Any CPU
	EndGlobalSection
	GlobalSection(ProjectConfigurationPlatforms) = postSolution
		{EF1E77CE-D8E2-4824-8D15-5D43F7595979}.Debug|Any CPU.ActiveCfg = Debug|Any CPU
		{EF1E77CE-D8E2-4824-8D15-5D43F7595979}.Debug|Any CPU.Build.0 = Debug|Any CPU
		{EF1E77CE-D8E2-4824-8D15-5D43F7595979}.Release|Any CPU.ActiveCfg = Release|Any CPU
		{EF1E77CE-D8E2-4824-8D15-5D43F7595979}.Release|Any CPU.Build.0 = Release|Any CPU
	EndGlobalSection
	GlobalSection(SolutionProperties) = preSolution
		HideSolutionNode = FALSE
	EndGlobalSection
	GlobalSection(ExtensibilityGlobals) = postSolution
		SolutionGuid = {BDF2B3F3-6E20-4C1E-86BF-7E2F987002AE}
	EndGlobalSection
EndGlobal
