
Microsoft Visual Studio Solution File, Format Version 12.00
# Visual Studio 15
VisualStudioVersion = 15.0.28307.572
MinimumVisualStudioVersion = 10.0.40219.1
Project("{F184B08F-C81C-45F6-A57F-5ABD9991F28F}") = "e52", "e52\e52.vbproj", "{F6909B91-B0C8-431B-8E5D-8292255FF6E9}"
EndProject
Global
	GlobalSection(SolutionConfigurationPlatforms) = preSolution
		Debug|Any CPU = Debug|Any CPU
		Release|Any CPU = Release|Any CPU
	EndGlobalSection
	GlobalSection(ProjectConfigurationPlatforms) = postSolution
		{F6909B91-B0C8-431B-8E5D-8292255FF6E9}.Debug|Any CPU.ActiveCfg = Debug|Any CPU
		{F6909B91-B0C8-431B-8E5D-8292255FF6E9}.Debug|Any CPU.Build.0 = Debug|Any CPU
		{F6909B91-B0C8-431B-8E5D-8292255FF6E9}.Release|Any CPU.ActiveCfg = Release|Any CPU
		{F6909B91-B0C8-431B-8E5D-8292255FF6E9}.Release|Any CPU.Build.0 = Release|Any CPU
	EndGlobalSection
	GlobalSection(SolutionProperties) = preSolution
		HideSolutionNode = FALSE
	EndGlobalSection
	GlobalSection(ExtensibilityGlobals) = postSolution
		SolutionGuid = {1F9DDCD6-E35E-4934-9289-ED12758AAE6D}
	EndGlobalSection
EndGlobal
