
Microsoft Visual Studio Solution File, Format Version 12.00
# Visual Studio 15
VisualStudioVersion = 15.0.28307.572
MinimumVisualStudioVersion = 10.0.40219.1
Project("{F184B08F-C81C-45F6-A57F-5ABD9991F28F}") = "e35", "e35\e35.vbproj", "{05D35674-D410-4399-88E8-AB0C2073E5EA}"
EndProject
Global
	GlobalSection(SolutionConfigurationPlatforms) = preSolution
		Debug|Any CPU = Debug|Any CPU
		Release|Any CPU = Release|Any CPU
	EndGlobalSection
	GlobalSection(ProjectConfigurationPlatforms) = postSolution
		{05D35674-D410-4399-88E8-AB0C2073E5EA}.Debug|Any CPU.ActiveCfg = Debug|Any CPU
		{05D35674-D410-4399-88E8-AB0C2073E5EA}.Debug|Any CPU.Build.0 = Debug|Any CPU
		{05D35674-D410-4399-88E8-AB0C2073E5EA}.Release|Any CPU.ActiveCfg = Release|Any CPU
		{05D35674-D410-4399-88E8-AB0C2073E5EA}.Release|Any CPU.Build.0 = Release|Any CPU
	EndGlobalSection
	GlobalSection(SolutionProperties) = preSolution
		HideSolutionNode = FALSE
	EndGlobalSection
	GlobalSection(ExtensibilityGlobals) = postSolution
		SolutionGuid = {BDD2C34F-5F2C-426A-AD62-D2E83C9AF3F8}
	EndGlobalSection
EndGlobal
