
Microsoft Visual Studio Solution File, Format Version 12.00
# Visual Studio 15
VisualStudioVersion = 15.0.28307.572
MinimumVisualStudioVersion = 10.0.40219.1
Project("{F184B08F-C81C-45F6-A57F-5ABD9991F28F}") = "e39", "e39\e39.vbproj", "{F06FBDBF-F1BA-498C-B1D7-B065CFE029E7}"
EndProject
Global
	GlobalSection(SolutionConfigurationPlatforms) = preSolution
		Debug|Any CPU = Debug|Any CPU
		Release|Any CPU = Release|Any CPU
	EndGlobalSection
	GlobalSection(ProjectConfigurationPlatforms) = postSolution
		{F06FBDBF-F1BA-498C-B1D7-B065CFE029E7}.Debug|Any CPU.ActiveCfg = Debug|Any CPU
		{F06FBDBF-F1BA-498C-B1D7-B065CFE029E7}.Debug|Any CPU.Build.0 = Debug|Any CPU
		{F06FBDBF-F1BA-498C-B1D7-B065CFE029E7}.Release|Any CPU.ActiveCfg = Release|Any CPU
		{F06FBDBF-F1BA-498C-B1D7-B065CFE029E7}.Release|Any CPU.Build.0 = Release|Any CPU
	EndGlobalSection
	GlobalSection(SolutionProperties) = preSolution
		HideSolutionNode = FALSE
	EndGlobalSection
	GlobalSection(ExtensibilityGlobals) = postSolution
		SolutionGuid = {4F964BB9-59E0-4F25-9950-285E67A31406}
	EndGlobalSection
EndGlobal
