
Microsoft Visual Studio Solution File, Format Version 12.00
# Visual Studio 15
VisualStudioVersion = 15.0.28307.572
MinimumVisualStudioVersion = 10.0.40219.1
Project("{F184B08F-C81C-45F6-A57F-5ABD9991F28F}") = "e46", "e46\e46.vbproj", "{3BA852D1-E4F9-4004-B390-B097C51E58A3}"
EndProject
Global
	GlobalSection(SolutionConfigurationPlatforms) = preSolution
		Debug|Any CPU = Debug|Any CPU
		Release|Any CPU = Release|Any CPU
	EndGlobalSection
	GlobalSection(ProjectConfigurationPlatforms) = postSolution
		{3BA852D1-E4F9-4004-B390-B097C51E58A3}.Debug|Any CPU.ActiveCfg = Debug|Any CPU
		{3BA852D1-E4F9-4004-B390-B097C51E58A3}.Debug|Any CPU.Build.0 = Debug|Any CPU
		{3BA852D1-E4F9-4004-B390-B097C51E58A3}.Release|Any CPU.ActiveCfg = Release|Any CPU
		{3BA852D1-E4F9-4004-B390-B097C51E58A3}.Release|Any CPU.Build.0 = Release|Any CPU
	EndGlobalSection
	GlobalSection(SolutionProperties) = preSolution
		HideSolutionNode = FALSE
	EndGlobalSection
	GlobalSection(ExtensibilityGlobals) = postSolution
		SolutionGuid = {9670D43F-6BB8-4B4E-8DA8-B1C0413B258D}
	EndGlobalSection
EndGlobal
